
Microsoft Visual Studio Solution File, Format Version 12.00
# Visual Studio Version 17
VisualStudioVersion = 17.8.34525.116
MinimumVisualStudioVersion = 10.0.40219.1
Project("{FAE04EC0-301F-11D3-BF4B-00C04F79EFBC}") = "WatchLogApp", "WatchLogApp\WatchLogApp.csproj", "{11AA1B48-E245-437B-B152-1E76A4513362}"
EndProject
Global
	GlobalSection(SolutionConfigurationPlatforms) = preSolution
		Debug|Any CPU = Debug|Any CPU
		Release|Any CPU = Release|Any CPU
	EndGlobalSection
	GlobalSection(ProjectConfigurationPlatforms) = postSolution
		{11AA1B48-E245-437B-B152-1E76A4513362}.Debug|Any CPU.ActiveCfg = Debug|Any CPU
		{11AA1B48-E245-437B-B152-1E76A4513362}.Debug|Any CPU.Build.0 = Debug|Any CPU
		{11AA1B48-E245-437B-B152-1E76A4513362}.Release|Any CPU.ActiveCfg = Release|Any CPU
		{11AA1B48-E245-437B-B152-1E76A4513362}.Release|Any CPU.Build.0 = Release|Any CPU
	EndGlobalSection
	GlobalSection(SolutionProperties) = preSolution
		HideSolutionNode = FALSE
	EndGlobalSection
	GlobalSection(ExtensibilityGlobals) = postSolution
		SolutionGuid = {303B8152-8C13-43CF-95A3-72A5DC4A5910}
	EndGlobalSection
EndGlobal
